{
  "R": {
    "Version": "4.0.5",
    "Repositories": [
      {
        "Name": "CRAN",
        "URL": "https://cloud.r-project.org"
      }
    ]
  },
  "Packages": {
    "renv": {
      "Package": "renv",
      "Version": "0.13.2-32",
      "Source": "GitHub",
      "RemoteType": "github",
      "RemoteHost": "api.github.com",
      "RemoteRepo": "renv",
      "RemoteUsername": "rstudio",
      "RemoteRef": "HEAD",
      "RemoteSha": "b966ca9363bcfd2408fb8cce337d5474605d9848",
      "Hash": "452e9f818ed31b51a460acf6d747293c"
    }
  }
}
